
Microsoft Visual Studio Solution File, Format Version 11.00
# Visual Studio 2010
Project("{E24C65DC-7377-472B-9ABA-BC803B73C61A}") = "teammentor.github.com", ".", "{C413356A-E556-4A56-BA85-BE49C3A63D9D}"
	ProjectSection(WebsiteProperties) = preProject
		TargetFrameworkMoniker = ".NETFramework,Version%3Dv4.0"
		Debug.AspNetCompiler.VirtualPath = "/teammentor.github.com"
		Debug.AspNetCompiler.PhysicalPath = "..\teammentor.github.com\"
		Debug.AspNetCompiler.TargetPath = "PrecompiledWeb\teammentor.github.com\"
		Debug.AspNetCompiler.Updateable = "true"
		Debug.AspNetCompiler.ForceOverwrite = "true"
		Debug.AspNetCompiler.FixedNames = "false"
		Debug.AspNetCompiler.Debug = "True"
		Release.AspNetCompiler.VirtualPath = "/teammentor.github.com"
		Release.AspNetCompiler.PhysicalPath = "..\teammentor.github.com\"
		Release.AspNetCompiler.TargetPath = "PrecompiledWeb\teammentor.github.com\"
		Release.AspNetCompiler.Updateable = "true"
		Release.AspNetCompiler.ForceOverwrite = "true"
		Release.AspNetCompiler.FixedNames = "false"
		Release.AspNetCompiler.Debug = "False"
		VWDPort = "1482"
	EndProjectSection
EndProject
Global
	GlobalSection(SolutionConfigurationPlatforms) = preSolution
		Debug|Any CPU = Debug|Any CPU
	EndGlobalSection
	GlobalSection(ProjectConfigurationPlatforms) = postSolution
		{C413356A-E556-4A56-BA85-BE49C3A63D9D}.Debug|Any CPU.ActiveCfg = Debug|Any CPU
		{C413356A-E556-4A56-BA85-BE49C3A63D9D}.Debug|Any CPU.Build.0 = Debug|Any CPU
	EndGlobalSection
	GlobalSection(SolutionProperties) = preSolution
		HideSolutionNode = FALSE
	EndGlobalSection
EndGlobal
